dependencies:
- name: opentelemetry-collector
  repository: https://open-telemetry.github.io/opentelemetry-helm-charts
  version: 0.108.0
- name: opentelemetry-collector
  repository: https://open-telemetry.github.io/opentelemetry-helm-charts
  version: 0.108.0
digest: sha256:5b97b57092e6772741495314e58a9aa82fa628a20ea59a778654e461cae4ca9f
generated: "2024-10-31T10:39:34.469926-05:00"
